
Microsoft Visual Studio Solution File, Format Version 11.00
# Visual Basic Express 2010
Project("{F184B08F-C81C-45F6-A57F-5ABD9991F28F}") = "Pong", "Pong\Pong.vbproj", "{72CB7B4D-7671-4A6A-8FA6-3BE70DBB6543}"
EndProject
Global
	GlobalSection(SolutionConfigurationPlatforms) = preSolution
		Debug|x86 = Debug|x86
		Release|x86 = Release|x86
	EndGlobalSection
	GlobalSection(ProjectConfigurationPlatforms) = postSolution
		{72CB7B4D-7671-4A6A-8FA6-3BE70DBB6543}.Debug|x86.ActiveCfg = Debug|x86
		{72CB7B4D-7671-4A6A-8FA6-3BE70DBB6543}.Debug|x86.Build.0 = Debug|x86
		{72CB7B4D-7671-4A6A-8FA6-3BE70DBB6543}.Release|x86.ActiveCfg = Release|x86
		{72CB7B4D-7671-4A6A-8FA6-3BE70DBB6543}.Release|x86.Build.0 = Release|x86
	EndGlobalSection
	GlobalSection(SolutionProperties) = preSolution
		HideSolutionNode = FALSE
	EndGlobalSection
EndGlobal
